// !$*UTF8*$!
{
	archiveVersion = 1;
	classes = {
	};
	objectVersion = 53;
	objects = {

/* Begin PBXBuildFile section */
		C00616A827064449007BEF89 /* OctHexHelper.swift in Sources */ = {isa = PBXBuildFile; fileRef = C00616A727064449007BEF89 /* OctHexHelper.swift */; };
		C00616AC27065097007BEF89 /* String.swift in Sources */ = {isa = PBXBuildFile; fileRef = C00616AB27065097007BEF89 /* String.swift */; };
		C0211CD92A9938E100464A44 /* UIFont.swift in Sources */ = {isa = PBXBuildFile; fileRef = C0211CD82A9938E100464A44 /* UIFont.swift */; };
		C0249849279DDC88005EA12A /* PCalcStorage.swift in Sources */ = {isa = PBXBuildFile; fileRef = C0249848279DDC88005EA12A /* PCalcStorage.swift */; };
		C0287F7227A31FD2001489FE /* BitButton.swift in Sources */ = {isa = PBXBuildFile; fileRef = C0287F7127A31FD2001489FE /* BitButton.swift */; };
		C0287F7427A32250001489FE /* StyleSettings.swift in Sources */ = {isa = PBXBuildFile; fileRef = C0287F7327A32250001489FE /* StyleSettings.swift */; };
		C04D34C227921BE200ED9867 /* BitwiseKeypad.swift in Sources */ = {isa = PBXBuildFile; fileRef = C04D34C127921BE200ED9867 /* BitwiseKeypad.swift */; };
		C052270F27978F6800B7E384 /* UIBarButtonItem.swift in Sources */ = {isa = PBXBuildFile; fileRef = C052270E27978F6800B7E384 /* UIBarButtonItem.swift */; };
		C05B008C24E6E0E100F8A5E0 /* Hexadecimal.swift in Sources */ = {isa = PBXBuildFile; fileRef = C05B008B24E6E0E100F8A5E0 /* Hexadecimal.swift */; };
		C05B008E24E701ED00F8A5E0 /* Octal.swift in Sources */ = {isa = PBXBuildFile; fileRef = C05B008D24E701ED00F8A5E0 /* Octal.swift */; };
		C05B009124E71B6E00F8A5E0 /* DecimalSystem.swift in Sources */ = {isa = PBXBuildFile; fileRef = C05B009024E71B6E00F8A5E0 /* DecimalSystem.swift */; };
		C06072B12501567E004CF6AA /* CalcMathTests.swift in Sources */ = {isa = PBXBuildFile; fileRef = C06072B02501567E004CF6AA /* CalcMathTests.swift */; };
		C0619AC224D71227008A7291 /* ConversionView.swift in Sources */ = {isa = PBXBuildFile; fileRef = C0619AC124D71227008A7291 /* ConversionView.swift */; };
		C0619AC424D71240008A7291 /* ConversionViewController.swift in Sources */ = {isa = PBXBuildFile; fileRef = C0619AC324D71240008A7291 /* ConversionViewController.swift */; };
		C061B7C2250FF9FF000E2EB6 /* CalculatorLabel.swift in Sources */ = {isa = PBXBuildFile; fileRef = C061B7C1250FF9FF000E2EB6 /* CalculatorLabel.swift */; };
		C0635A7924D9E0F6003855A9 /* ConversionPicker.swift in Sources */ = {isa = PBXBuildFile; fileRef = C0635A7824D9E0F6003855A9 /* ConversionPicker.swift */; };
		C0635A7B24D9E2AA003855A9 /* ConversionSettings.swift in Sources */ = {isa = PBXBuildFile; fileRef = C0635A7A24D9E2AA003855A9 /* ConversionSettings.swift */; };
		C064A3AA24FD55B8003DE683 /* HexadecimalTests.swift in Sources */ = {isa = PBXBuildFile; fileRef = C064A3A924FD55B8003DE683 /* HexadecimalTests.swift */; };
		C064A3AE24FD5B13003DE683 /* OctalTests.swift in Sources */ = {isa = PBXBuildFile; fileRef = C064A3AD24FD5B13003DE683 /* OctalTests.swift */; };
		C064A3B024FD847B003DE683 /* ConverterTests.swift in Sources */ = {isa = PBXBuildFile; fileRef = C064A3AF24FD847B003DE683 /* ConverterTests.swift */; };
		C065DB3C24E3DC4F0059B38D /* CalcMath.swift in Sources */ = {isa = PBXBuildFile; fileRef = C065DB3B24E3DC4F0059B38D /* CalcMath.swift */; };
		C065DB3E24E41E610059B38D /* CalcState.swift in Sources */ = {isa = PBXBuildFile; fileRef = C065DB3D24E41E610059B38D /* CalcState.swift */; };
		C0666EB824F97774004809EF /* CalcButtonsViewController.swift in Sources */ = {isa = PBXBuildFile; fileRef = C0666EB724F97774004809EF /* CalcButtonsViewController.swift */; };
		C0666EBA24F9782F004809EF /* CalcButtonsPage.swift in Sources */ = {isa = PBXBuildFile; fileRef = C0666EB924F9782F004809EF /* CalcButtonsPage.swift */; };
		C066756924E27AE700F832F9 /* ConversionValues.swift in Sources */ = {isa = PBXBuildFile; fileRef = C066756824E27AE700F832F9 /* ConversionValues.swift */; };
		C066756E24E2D83300F832F9 /* Converter.swift in Sources */ = {isa = PBXBuildFile; fileRef = C066756D24E2D83300F832F9 /* Converter.swift */; };
		C068AFAC24FA605800BFE754 /* CalculatorButton.swift in Sources */ = {isa = PBXBuildFile; fileRef = C068AFAB24FA605800BFE754 /* CalculatorButton.swift */; };
		C06B7F072443B12B009642B9 /* AppDelegate.swift in Sources */ = {isa = PBXBuildFile; fileRef = C06B7F062443B12B009642B9 /* AppDelegate.swift */; };
		C06B7F092443B12B009642B9 /* SceneDelegate.swift in Sources */ = {isa = PBXBuildFile; fileRef = C06B7F082443B12B009642B9 /* SceneDelegate.swift */; };
		C06B7F132443B12E009642B9 /* LaunchScreen.storyboard in Resources */ = {isa = PBXBuildFile; fileRef = C06B7F112443B12E009642B9 /* LaunchScreen.storyboard */; };
		C06B7F292443B12E009642B9 /* ProgrammerCalcUITests.swift in Sources */ = {isa = PBXBuildFile; fileRef = C06B7F282443B12E009642B9 /* ProgrammerCalcUITests.swift */; };
		C06D285527999B4D00C74888 /* DecimalTests.swift in Sources */ = {isa = PBXBuildFile; fileRef = C06D285427999B4D00C74888 /* DecimalTests.swift */; };
		C06DFD5D24FC22C600255646 /* BinaryTests.swift in Sources */ = {isa = PBXBuildFile; fileRef = C06DFD5C24FC22C600255646 /* BinaryTests.swift */; };
		C070ED2424DB0EC900A04463 /* SettingsViewController.swift in Sources */ = {isa = PBXBuildFile; fileRef = C070ED2324DB0EC800A04463 /* SettingsViewController.swift */; };
		C0712FE927908B9700CF408A /* BitwiseKeypadController.swift in Sources */ = {isa = PBXBuildFile; fileRef = C0712FE827908B9700CF408A /* BitwiseKeypadController.swift */; };
		C07267DD24E5ACB300D4B4A2 /* Binary.swift in Sources */ = {isa = PBXBuildFile; fileRef = C07267DC24E5ACB300D4B4A2 /* Binary.swift */; };
		C0746E0E24F45C6000A0BDF9 /* NumberSystem.swift in Sources */ = {isa = PBXBuildFile; fileRef = C0746E0D24F45C5F00A0BDF9 /* NumberSystem.swift */; };
		C077CF6F24DC8DEE008E5F0F /* PreferenceCell.swift in Sources */ = {isa = PBXBuildFile; fileRef = C077CF6E24DC8DEE008E5F0F /* PreferenceCell.swift */; };
		C077CF7124DC987B008E5F0F /* Settings.swift in Sources */ = {isa = PBXBuildFile; fileRef = C077CF7024DC987B008E5F0F /* Settings.swift */; };
		C0817788271D045E0068CF45 /* PopoverDoneButton.swift in Sources */ = {isa = PBXBuildFile; fileRef = C0817787271D045E0068CF45 /* PopoverDoneButton.swift */; };
		C082FB832A3353F000F3AA60 /* Storable.swift in Sources */ = {isa = PBXBuildFile; fileRef = C082FB822A3353F000F3AA60 /* Storable.swift */; };
		C082FB852A33540800F3AA60 /* CalculatorStorage.swift in Sources */ = {isa = PBXBuildFile; fileRef = C082FB842A33540800F3AA60 /* CalculatorStorage.swift */; };
		C082FB872A33705E00F3AA60 /* CalculatorPresenter.swift in Sources */ = {isa = PBXBuildFile; fileRef = C082FB862A33705E00F3AA60 /* CalculatorPresenter.swift */; };
		C082FB892A33722C00F3AA60 /* CalculatorModuleAssembly.swift in Sources */ = {isa = PBXBuildFile; fileRef = C082FB882A33722C00F3AA60 /* CalculatorModuleAssembly.swift */; };
		C082FB8B2A33894500F3AA60 /* CalculatorViewController.swift in Sources */ = {isa = PBXBuildFile; fileRef = C082FB8A2A33894500F3AA60 /* CalculatorViewController.swift */; };
		C082FB8D2A33C08A00F3AA60 /* ButtonsViewControllerPhone.swift in Sources */ = {isa = PBXBuildFile; fileRef = C082FB8C2A33C08A00F3AA60 /* ButtonsViewControllerPhone.swift */; };
		C082FB8F2A33C0FC00F3AA60 /* ButtonsViewControllerPad.swift in Sources */ = {isa = PBXBuildFile; fileRef = C082FB8E2A33C0FC00F3AA60 /* ButtonsViewControllerPad.swift */; };
		C082FB912A34C0A400F3AA60 /* DeviceType.swift in Sources */ = {isa = PBXBuildFile; fileRef = C082FB902A34C0A400F3AA60 /* DeviceType.swift */; };
		C082FB932A34D22C00F3AA60 /* UIScreen.swift in Sources */ = {isa = PBXBuildFile; fileRef = C082FB922A34D22C00F3AA60 /* UIScreen.swift */; };
		C082FB952A35DAF000F3AA60 /* Assets.xcassets in Resources */ = {isa = PBXBuildFile; fileRef = C082FB942A35DAF000F3AA60 /* Assets.xcassets */; };
		C082FB972A35E6FF00F3AA60 /* Values.swift in Sources */ = {isa = PBXBuildFile; fileRef = C082FB962A35E6FF00F3AA60 /* Values.swift */; };
		C0905E712A080843004180A7 /* PCDecimal.swift in Sources */ = {isa = PBXBuildFile; fileRef = C0905E702A080843004180A7 /* PCDecimal.swift */; };
		C09623172A04171B00E6C08F /* Int.swift in Sources */ = {isa = PBXBuildFile; fileRef = C09623162A04171B00E6C08F /* Int.swift */; };
		C09623192A041A1800E6C08F /* Calculator.swift in Sources */ = {isa = PBXBuildFile; fileRef = C09623182A041A1800E6C08F /* Calculator.swift */; };
		C096231B2A04235700E6C08F /* OperationFactory.swift in Sources */ = {isa = PBXBuildFile; fileRef = C096231A2A04235700E6C08F /* OperationFactory.swift */; };
		C096231D2A05650300E6C08F /* PCDecimalTests.swift in Sources */ = {isa = PBXBuildFile; fileRef = C096231C2A05650300E6C08F /* PCDecimalTests.swift */; };
		C09631C42725BA7C001DCD25 /* Localizable.strings in Resources */ = {isa = PBXBuildFile; fileRef = C09631C62725BA7C001DCD25 /* Localizable.strings */; };
		C09631CA2726FB12001DCD25 /* AppearanceViewController.swift in Sources */ = {isa = PBXBuildFile; fileRef = C09631C92726FB12001DCD25 /* AppearanceViewController.swift */; };
		C09631CE27270D6B001DCD25 /* Style.swift in Sources */ = {isa = PBXBuildFile; fileRef = C09631CD27270D6B001DCD25 /* Style.swift */; };
		C09631D027270FCC001DCD25 /* StyleFactory.swift in Sources */ = {isa = PBXBuildFile; fileRef = C09631CF27270FCC001DCD25 /* StyleFactory.swift */; };
		C09631D22727121D001DCD25 /* UIColor.swift in Sources */ = {isa = PBXBuildFile; fileRef = C09631D12727121D001DCD25 /* UIColor.swift */; };
		C09631D627277066001DCD25 /* ButtonStyle.swift in Sources */ = {isa = PBXBuildFile; fileRef = C09631D527277066001DCD25 /* ButtonStyle.swift */; };
		C09631D82728E9DC001DCD25 /* StyledViewController.swift in Sources */ = {isa = PBXBuildFile; fileRef = C09631D72728E9DC001DCD25 /* StyledViewController.swift */; };
		C09631DC272C581C001DCD25 /* CalculatorTests.swift in Sources */ = {isa = PBXBuildFile; fileRef = C09631DB272C581B001DCD25 /* CalculatorTests.swift */; };
		C09631DE272D4FBE001DCD25 /* StringExtTests.swift in Sources */ = {isa = PBXBuildFile; fileRef = C09631DD272D4FBE001DCD25 /* StringExtTests.swift */; };
		C09631E027305315001DCD25 /* NumberSystemFactory.swift in Sources */ = {isa = PBXBuildFile; fileRef = C09631DF27305315001DCD25 /* NumberSystemFactory.swift */; };
		C097D09C2A09CCD5002FA1E6 /* LabelFormatter.swift in Sources */ = {isa = PBXBuildFile; fileRef = C097D09B2A09CCD5002FA1E6 /* LabelFormatter.swift */; };
		C097D09E2A0A53D9002FA1E6 /* LabelFormatterTests.swift in Sources */ = {isa = PBXBuildFile; fileRef = C097D09D2A0A53D9002FA1E6 /* LabelFormatterTests.swift */; };
		C0CC6DFF271F68AA00E59E64 /* AboutViewController.swift in Sources */ = {isa = PBXBuildFile; fileRef = C0CC6DFE271F68AA00E59E64 /* AboutViewController.swift */; };
		C0D919DA2731ABC900AD8C05 /* MathState.swift in Sources */ = {isa = PBXBuildFile; fileRef = C0D919D92731ABC900AD8C05 /* MathState.swift */; };
		C0D919DC2731F80600AD8C05 /* DescriptionViewController.swift in Sources */ = {isa = PBXBuildFile; fileRef = C0D919DB2731F80600AD8C05 /* DescriptionViewController.swift */; };
		C0E0FF3E2A44AB8400E38DF9 /* ConversionPresenter.swift in Sources */ = {isa = PBXBuildFile; fileRef = C0E0FF3D2A44AB8400E38DF9 /* ConversionPresenter.swift */; };
		C0E0FF402A44ABFA00E38DF9 /* ConversionModuleAssembly.swift in Sources */ = {isa = PBXBuildFile; fileRef = C0E0FF3F2A44ABFA00E38DF9 /* ConversionModuleAssembly.swift */; };
		C0E0FF422A44BF7600E38DF9 /* WordSizePresenter.swift in Sources */ = {isa = PBXBuildFile; fileRef = C0E0FF412A44BF7600E38DF9 /* WordSizePresenter.swift */; };
		C0E0FF442A44BFE800E38DF9 /* WordSizeModuleAssembly.swift in Sources */ = {isa = PBXBuildFile; fileRef = C0E0FF432A44BFE800E38DF9 /* WordSizeModuleAssembly.swift */; };
		C0E0FF462A44D03E00E38DF9 /* SettingsPresenter.swift in Sources */ = {isa = PBXBuildFile; fileRef = C0E0FF452A44D03E00E38DF9 /* SettingsPresenter.swift */; };
		C0E0FF482A44D3B600E38DF9 /* SettingsModuleAssembly.swift in Sources */ = {isa = PBXBuildFile; fileRef = C0E0FF472A44D3B600E38DF9 /* SettingsModuleAssembly.swift */; };
		C0E0FF4A2A44F6CE00E38DF9 /* PreferenceCellModel.swift in Sources */ = {isa = PBXBuildFile; fileRef = C0E0FF492A44F6CE00E38DF9 /* PreferenceCellModel.swift */; };
		C0E0FF4C2A44F8C100E38DF9 /* AppearancePresenter.swift in Sources */ = {isa = PBXBuildFile; fileRef = C0E0FF4B2A44F8C100E38DF9 /* AppearancePresenter.swift */; };
		C0E0FF4E2A44F93700E38DF9 /* AppearanceModuleAssembly.swift in Sources */ = {isa = PBXBuildFile; fileRef = C0E0FF4D2A44F93700E38DF9 /* AppearanceModuleAssembly.swift */; };
		C0E0FF502A45963100E38DF9 /* AboutPresenter.swift in Sources */ = {isa = PBXBuildFile; fileRef = C0E0FF4F2A45963100E38DF9 /* AboutPresenter.swift */; };
		C0E0FF522A4596AE00E38DF9 /* AboutModuleAssembly.swift in Sources */ = {isa = PBXBuildFile; fileRef = C0E0FF512A4596AE00E38DF9 /* AboutModuleAssembly.swift */; };
		C0E0FF542A45B68F00E38DF9 /* AboutAppCell.swift in Sources */ = {isa = PBXBuildFile; fileRef = C0E0FF532A45B68F00E38DF9 /* AboutAppCell.swift */; };
		C0E0FF562A45D8D900E38DF9 /* StyledTableViewController.swift in Sources */ = {isa = PBXBuildFile; fileRef = C0E0FF552A45D8D900E38DF9 /* StyledTableViewController.swift */; };
		C0E0FF582A45D8F000E38DF9 /* Styled.swift in Sources */ = {isa = PBXBuildFile; fileRef = C0E0FF572A45D8F000E38DF9 /* Styled.swift */; };
		C0E0FF5A2A45EC5F00E38DF9 /* StyleManager.swift in Sources */ = {isa = PBXBuildFile; fileRef = C0E0FF592A45EC5F00E38DF9 /* StyleManager.swift */; };
		C0E0FF5C2A4638CB00E38DF9 /* StyledView.swift in Sources */ = {isa = PBXBuildFile; fileRef = C0E0FF5B2A4638CB00E38DF9 /* StyledView.swift */; };
		C0E5FC7624BB9B8D00BA93CA /* CalculatorView.swift in Sources */ = {isa = PBXBuildFile; fileRef = C0E5FC7524BB9B8D00BA93CA /* CalculatorView.swift */; };
		C0F3D945273B0A7300EA3333 /* UIApplication.swift in Sources */ = {isa = PBXBuildFile; fileRef = C0F3D944273B0A7300EA3333 /* UIApplication.swift */; };
		C0F5CF4B270E10870020CE14 /* WordSize.swift in Sources */ = {isa = PBXBuildFile; fileRef = C0F5CF4A270E10870020CE14 /* WordSize.swift */; };
		C0F5CF4F270F394E0020CE14 /* Decimal.swift in Sources */ = {isa = PBXBuildFile; fileRef = C0F5CF4E270F394E0020CE14 /* Decimal.swift */; };
		C0F5CF51270F4B970020CE14 /* WordSizeViewController.swift in Sources */ = {isa = PBXBuildFile; fileRef = C0F5CF50270F4B970020CE14 /* WordSizeViewController.swift */; };
		C0F5CF53270F4C4C0020CE14 /* WordSizeView.swift in Sources */ = {isa = PBXBuildFile; fileRef = C0F5CF52270F4C4C0020CE14 /* WordSizeView.swift */; };
/* End PBXBuildFile section */

/* Begin PBXContainerItemProxy section */
		C06B7F1A2443B12E009642B9 /* PBXContainerItemProxy */ = {
			isa = PBXContainerItemProxy;
			containerPortal = C06B7EFB2443B12B009642B9 /* Project object */;
			proxyType = 1;
			remoteGlobalIDString = C06B7F022443B12B009642B9;
			remoteInfo = ProgrammerCalc;
		};
		C06B7F252443B12E009642B9 /* PBXContainerItemProxy */ = {
			isa = PBXContainerItemProxy;
			containerPortal = C06B7EFB2443B12B009642B9 /* Project object */;
			proxyType = 1;
			remoteGlobalIDString = C06B7F022443B12B009642B9;
			remoteInfo = ProgrammerCalc;
		};
/* End PBXContainerItemProxy section */

/* Begin PBXFileReference section */
		C00616A727064449007BEF89 /* OctHexHelper.swift */ = {isa = PBXFileReference; lastKnownFileType = sourcecode.swift; path = OctHexHelper.swift; sourceTree = "<group>"; };
		C00616AB27065097007BEF89 /* String.swift */ = {isa = PBXFileReference; lastKnownFileType = sourcecode.swift; path = String.swift; sourceTree = "<group>"; };
		C0211CD82A9938E100464A44 /* UIFont.swift */ = {isa = PBXFileReference; lastKnownFileType = sourcecode.swift; path = UIFont.swift; sourceTree = "<group>"; };
		C0249848279DDC88005EA12A /* PCalcStorage.swift */ = {isa = PBXFileReference; lastKnownFileType = sourcecode.swift; path = PCalcStorage.swift; sourceTree = "<group>"; };
		C0287F7127A31FD2001489FE /* BitButton.swift */ = {isa = PBXFileReference; lastKnownFileType = sourcecode.swift; path = BitButton.swift; sourceTree = "<group>"; };
		C0287F7327A32250001489FE /* StyleSettings.swift */ = {isa = PBXFileReference; lastKnownFileType = sourcecode.swift; path = StyleSettings.swift; sourceTree = "<group>"; };
		C04D34C127921BE200ED9867 /* BitwiseKeypad.swift */ = {isa = PBXFileReference; lastKnownFileType = sourcecode.swift; path = BitwiseKeypad.swift; sourceTree = "<group>"; };
		C052270E27978F6800B7E384 /* UIBarButtonItem.swift */ = {isa = PBXFileReference; lastKnownFileType = sourcecode.swift; path = UIBarButtonItem.swift; sourceTree = "<group>"; };
		C05B008B24E6E0E100F8A5E0 /* Hexadecimal.swift */ = {isa = PBXFileReference; lastKnownFileType = sourcecode.swift; path = Hexadecimal.swift; sourceTree = "<group>"; };
		C05B008D24E701ED00F8A5E0 /* Octal.swift */ = {isa = PBXFileReference; lastKnownFileType = sourcecode.swift; path = Octal.swift; sourceTree = "<group>"; };
		C05B009024E71B6E00F8A5E0 /* DecimalSystem.swift */ = {isa = PBXFileReference; lastKnownFileType = sourcecode.swift; path = DecimalSystem.swift; sourceTree = "<group>"; };
		C06072B02501567E004CF6AA /* CalcMathTests.swift */ = {isa = PBXFileReference; lastKnownFileType = sourcecode.swift; path = CalcMathTests.swift; sourceTree = "<group>"; };
		C0619AC124D71227008A7291 /* ConversionView.swift */ = {isa = PBXFileReference; lastKnownFileType = sourcecode.swift; path = ConversionView.swift; sourceTree = "<group>"; };
		C0619AC324D71240008A7291 /* ConversionViewController.swift */ = {isa = PBXFileReference; lastKnownFileType = sourcecode.swift; path = ConversionViewController.swift; sourceTree = "<group>"; };
		C061B7C1250FF9FF000E2EB6 /* CalculatorLabel.swift */ = {isa = PBXFileReference; lastKnownFileType = sourcecode.swift; path = CalculatorLabel.swift; sourceTree = "<group>"; };
		C0635A7824D9E0F6003855A9 /* ConversionPicker.swift */ = {isa = PBXFileReference; lastKnownFileType = sourcecode.swift; path = ConversionPicker.swift; sourceTree = "<group>"; };
		C0635A7A24D9E2AA003855A9 /* ConversionSettings.swift */ = {isa = PBXFileReference; lastKnownFileType = sourcecode.swift; path = ConversionSettings.swift; sourceTree = "<group>"; };
		C064A3A924FD55B8003DE683 /* HexadecimalTests.swift */ = {isa = PBXFileReference; lastKnownFileType = sourcecode.swift; path = HexadecimalTests.swift; sourceTree = "<group>"; };
		C064A3AD24FD5B13003DE683 /* OctalTests.swift */ = {isa = PBXFileReference; lastKnownFileType = sourcecode.swift; path = OctalTests.swift; sourceTree = "<group>"; };
		C064A3AF24FD847B003DE683 /* ConverterTests.swift */ = {isa = PBXFileReference; lastKnownFileType = sourcecode.swift; path = ConverterTests.swift; sourceTree = "<group>"; };
		C065DB3B24E3DC4F0059B38D /* CalcMath.swift */ = {isa = PBXFileReference; lastKnownFileType = sourcecode.swift; path = CalcMath.swift; sourceTree = "<group>"; };
		C065DB3D24E41E610059B38D /* CalcState.swift */ = {isa = PBXFileReference; lastKnownFileType = sourcecode.swift; path = CalcState.swift; sourceTree = "<group>"; };
		C0666EB724F97774004809EF /* CalcButtonsViewController.swift */ = {isa = PBXFileReference; lastKnownFileType = sourcecode.swift; path = CalcButtonsViewController.swift; sourceTree = "<group>"; };
		C0666EB924F9782F004809EF /* CalcButtonsPage.swift */ = {isa = PBXFileReference; lastKnownFileType = sourcecode.swift; path = CalcButtonsPage.swift; sourceTree = "<group>"; };
		C066756824E27AE700F832F9 /* ConversionValues.swift */ = {isa = PBXFileReference; lastKnownFileType = sourcecode.swift; path = ConversionValues.swift; sourceTree = "<group>"; };
		C066756D24E2D83300F832F9 /* Converter.swift */ = {isa = PBXFileReference; lastKnownFileType = sourcecode.swift; path = Converter.swift; sourceTree = "<group>"; };
		C068AFAB24FA605800BFE754 /* CalculatorButton.swift */ = {isa = PBXFileReference; lastKnownFileType = sourcecode.swift; path = CalculatorButton.swift; sourceTree = "<group>"; };
		C06B7F032443B12B009642B9 /* ProgrammerCalc.app */ = {isa = PBXFileReference; explicitFileType = wrapper.application; includeInIndex = 0; path = ProgrammerCalc.app; sourceTree = BUILT_PRODUCTS_DIR; };
		C06B7F062443B12B009642B9 /* AppDelegate.swift */ = {isa = PBXFileReference; lastKnownFileType = sourcecode.swift; path = AppDelegate.swift; sourceTree = "<group>"; };
		C06B7F082443B12B009642B9 /* SceneDelegate.swift */ = {isa = PBXFileReference; lastKnownFileType = sourcecode.swift; path = SceneDelegate.swift; sourceTree = "<group>"; };
		C06B7F122443B12E009642B9 /* Base */ = {isa = PBXFileReference; lastKnownFileType = file.storyboard; name = Base; path = Base.lproj/LaunchScreen.storyboard; sourceTree = "<group>"; };
		C06B7F142443B12E009642B9 /* Info.plist */ = {isa = PBXFileReference; lastKnownFileType = text.plist.xml; path = Info.plist; sourceTree = "<group>"; };
		C06B7F192443B12E009642B9 /* ProgrammerCalcTests.xctest */ = {isa = PBXFileReference; explicitFileType = wrapper.cfbundle; includeInIndex = 0; path = ProgrammerCalcTests.xctest; sourceTree = BUILT_PRODUCTS_DIR; };
		C06B7F1F2443B12E009642B9 /* Info.plist */ = {isa = PBXFileReference; lastKnownFileType = text.plist.xml; path = Info.plist; sourceTree = "<group>"; };
		C06B7F242443B12E009642B9 /* ProgrammerCalcUITests.xctest */ = {isa = PBXFileReference; explicitFileType = wrapper.cfbundle; includeInIndex = 0; path = ProgrammerCalcUITests.xctest; sourceTree = BUILT_PRODUCTS_DIR; };
		C06B7F282443B12E009642B9 /* ProgrammerCalcUITests.swift */ = {isa = PBXFileReference; lastKnownFileType = sourcecode.swift; path = ProgrammerCalcUITests.swift; sourceTree = "<group>"; };
		C06B7F2A2443B12E009642B9 /* Info.plist */ = {isa = PBXFileReference; lastKnownFileType = text.plist.xml; path = Info.plist; sourceTree = "<group>"; };
		C06D285427999B4D00C74888 /* DecimalTests.swift */ = {isa = PBXFileReference; lastKnownFileType = sourcecode.swift; path = DecimalTests.swift; sourceTree = "<group>"; };
		C06DFD5C24FC22C600255646 /* BinaryTests.swift */ = {isa = PBXFileReference; lastKnownFileType = sourcecode.swift; path = BinaryTests.swift; sourceTree = "<group>"; };
		C070ED2324DB0EC800A04463 /* SettingsViewController.swift */ = {isa = PBXFileReference; lastKnownFileType = sourcecode.swift; path = SettingsViewController.swift; sourceTree = "<group>"; };
		C0712FE827908B9700CF408A /* BitwiseKeypadController.swift */ = {isa = PBXFileReference; lastKnownFileType = sourcecode.swift; path = BitwiseKeypadController.swift; sourceTree = "<group>"; };
		C07267DC24E5ACB300D4B4A2 /* Binary.swift */ = {isa = PBXFileReference; lastKnownFileType = sourcecode.swift; path = Binary.swift; sourceTree = "<group>"; };
		C0746E0D24F45C5F00A0BDF9 /* NumberSystem.swift */ = {isa = PBXFileReference; fileEncoding = 4; lastKnownFileType = sourcecode.swift; path = NumberSystem.swift; sourceTree = "<group>"; };
		C077CF6E24DC8DEE008E5F0F /* PreferenceCell.swift */ = {isa = PBXFileReference; lastKnownFileType = sourcecode.swift; path = PreferenceCell.swift; sourceTree = "<group>"; };
		C077CF7024DC987B008E5F0F /* Settings.swift */ = {isa = PBXFileReference; lastKnownFileType = sourcecode.swift; path = Settings.swift; sourceTree = "<group>"; };
		C0817787271D045E0068CF45 /* PopoverDoneButton.swift */ = {isa = PBXFileReference; lastKnownFileType = sourcecode.swift; path = PopoverDoneButton.swift; sourceTree = "<group>"; };
		C082FB822A3353F000F3AA60 /* Storable.swift */ = {isa = PBXFileReference; lastKnownFileType = sourcecode.swift; path = Storable.swift; sourceTree = "<group>"; };
		C082FB842A33540800F3AA60 /* CalculatorStorage.swift */ = {isa = PBXFileReference; lastKnownFileType = sourcecode.swift; path = CalculatorStorage.swift; sourceTree = "<group>"; };
		C082FB862A33705E00F3AA60 /* CalculatorPresenter.swift */ = {isa = PBXFileReference; lastKnownFileType = sourcecode.swift; path = CalculatorPresenter.swift; sourceTree = "<group>"; };
		C082FB882A33722C00F3AA60 /* CalculatorModuleAssembly.swift */ = {isa = PBXFileReference; lastKnownFileType = sourcecode.swift; path = CalculatorModuleAssembly.swift; sourceTree = "<group>"; };
		C082FB8A2A33894500F3AA60 /* CalculatorViewController.swift */ = {isa = PBXFileReference; lastKnownFileType = sourcecode.swift; path = CalculatorViewController.swift; sourceTree = "<group>"; };
		C082FB8C2A33C08A00F3AA60 /* ButtonsViewControllerPhone.swift */ = {isa = PBXFileReference; lastKnownFileType = sourcecode.swift; path = ButtonsViewControllerPhone.swift; sourceTree = "<group>"; };
		C082FB8E2A33C0FC00F3AA60 /* ButtonsViewControllerPad.swift */ = {isa = PBXFileReference; lastKnownFileType = sourcecode.swift; path = ButtonsViewControllerPad.swift; sourceTree = "<group>"; };
		C082FB902A34C0A400F3AA60 /* DeviceType.swift */ = {isa = PBXFileReference; lastKnownFileType = sourcecode.swift; path = DeviceType.swift; sourceTree = "<group>"; };
		C082FB922A34D22C00F3AA60 /* UIScreen.swift */ = {isa = PBXFileReference; lastKnownFileType = sourcecode.swift; path = UIScreen.swift; sourceTree = "<group>"; };
		C082FB942A35DAF000F3AA60 /* Assets.xcassets */ = {isa = PBXFileReference; lastKnownFileType = folder.assetcatalog; path = Assets.xcassets; sourceTree = "<group>"; };
		C082FB962A35E6FF00F3AA60 /* Values.swift */ = {isa = PBXFileReference; lastKnownFileType = sourcecode.swift; path = Values.swift; sourceTree = "<group>"; };
		C0905E702A080843004180A7 /* PCDecimal.swift */ = {isa = PBXFileReference; lastKnownFileType = sourcecode.swift; path = PCDecimal.swift; sourceTree = "<group>"; };
		C09623162A04171B00E6C08F /* Int.swift */ = {isa = PBXFileReference; lastKnownFileType = sourcecode.swift; path = Int.swift; sourceTree = "<group>"; };
		C09623182A041A1800E6C08F /* Calculator.swift */ = {isa = PBXFileReference; lastKnownFileType = sourcecode.swift; path = Calculator.swift; sourceTree = "<group>"; };
		C096231A2A04235700E6C08F /* OperationFactory.swift */ = {isa = PBXFileReference; lastKnownFileType = sourcecode.swift; path = OperationFactory.swift; sourceTree = "<group>"; };
		C096231C2A05650300E6C08F /* PCDecimalTests.swift */ = {isa = PBXFileReference; lastKnownFileType = sourcecode.swift; path = PCDecimalTests.swift; sourceTree = "<group>"; };
		C09631C32725BA6E001DCD25 /* ru */ = {isa = PBXFileReference; lastKnownFileType = text.plist.strings; name = ru; path = ru.lproj/LaunchScreen.strings; sourceTree = "<group>"; };
		C09631C52725BA7C001DCD25 /* en */ = {isa = PBXFileReference; lastKnownFileType = text.plist.strings; name = en; path = en.lproj/Localizable.strings; sourceTree = "<group>"; };
		C09631C82725BA95001DCD25 /* ru */ = {isa = PBXFileReference; lastKnownFileType = text.plist.strings; name = ru; path = ru.lproj/Localizable.strings; sourceTree = "<group>"; };
		C09631C92726FB12001DCD25 /* AppearanceViewController.swift */ = {isa = PBXFileReference; lastKnownFileType = sourcecode.swift; path = AppearanceViewController.swift; sourceTree = "<group>"; };
		C09631CD27270D6B001DCD25 /* Style.swift */ = {isa = PBXFileReference; lastKnownFileType = sourcecode.swift; path = Style.swift; sourceTree = "<group>"; };
		C09631CF27270FCC001DCD25 /* StyleFactory.swift */ = {isa = PBXFileReference; lastKnownFileType = sourcecode.swift; path = StyleFactory.swift; sourceTree = "<group>"; };
		C09631D12727121D001DCD25 /* UIColor.swift */ = {isa = PBXFileReference; lastKnownFileType = sourcecode.swift; path = UIColor.swift; sourceTree = "<group>"; };
		C09631D527277066001DCD25 /* ButtonStyle.swift */ = {isa = PBXFileReference; lastKnownFileType = sourcecode.swift; path = ButtonStyle.swift; sourceTree = "<group>"; };
		C09631D72728E9DC001DCD25 /* StyledViewController.swift */ = {isa = PBXFileReference; lastKnownFileType = sourcecode.swift; path = StyledViewController.swift; sourceTree = "<group>"; };
		C09631DB272C581B001DCD25 /* CalculatorTests.swift */ = {isa = PBXFileReference; lastKnownFileType = sourcecode.swift; path = CalculatorTests.swift; sourceTree = "<group>"; };
		C09631DD272D4FBE001DCD25 /* StringExtTests.swift */ = {isa = PBXFileReference; lastKnownFileType = sourcecode.swift; path = StringExtTests.swift; sourceTree = "<group>"; };
		C09631DF27305315001DCD25 /* NumberSystemFactory.swift */ = {isa = PBXFileReference; lastKnownFileType = sourcecode.swift; path = NumberSystemFactory.swift; sourceTree = "<group>"; };
		C097D09B2A09CCD5002FA1E6 /* LabelFormatter.swift */ = {isa = PBXFileReference; lastKnownFileType = sourcecode.swift; path = LabelFormatter.swift; sourceTree = "<group>"; };
		C097D09D2A0A53D9002FA1E6 /* LabelFormatterTests.swift */ = {isa = PBXFileReference; lastKnownFileType = sourcecode.swift; path = LabelFormatterTests.swift; sourceTree = "<group>"; };
		C0CC6DFE271F68AA00E59E64 /* AboutViewController.swift */ = {isa = PBXFileReference; lastKnownFileType = sourcecode.swift; path = AboutViewController.swift; sourceTree = "<group>"; };
		C0D919D92731ABC900AD8C05 /* MathState.swift */ = {isa = PBXFileReference; lastKnownFileType = sourcecode.swift; path = MathState.swift; sourceTree = "<group>"; };
		C0D919DB2731F80600AD8C05 /* DescriptionViewController.swift */ = {isa = PBXFileReference; lastKnownFileType = sourcecode.swift; path = DescriptionViewController.swift; sourceTree = "<group>"; };
		C0E0FF3D2A44AB8400E38DF9 /* ConversionPresenter.swift */ = {isa = PBXFileReference; lastKnownFileType = sourcecode.swift; path = ConversionPresenter.swift; sourceTree = "<group>"; };
		C0E0FF3F2A44ABFA00E38DF9 /* ConversionModuleAssembly.swift */ = {isa = PBXFileReference; lastKnownFileType = sourcecode.swift; path = ConversionModuleAssembly.swift; sourceTree = "<group>"; };
		C0E0FF412A44BF7600E38DF9 /* WordSizePresenter.swift */ = {isa = PBXFileReference; lastKnownFileType = sourcecode.swift; path = WordSizePresenter.swift; sourceTree = "<group>"; };
		C0E0FF432A44BFE800E38DF9 /* WordSizeModuleAssembly.swift */ = {isa = PBXFileReference; lastKnownFileType = sourcecode.swift; path = WordSizeModuleAssembly.swift; sourceTree = "<group>"; };
		C0E0FF452A44D03E00E38DF9 /* SettingsPresenter.swift */ = {isa = PBXFileReference; lastKnownFileType = sourcecode.swift; path = SettingsPresenter.swift; sourceTree = "<group>"; };
		C0E0FF472A44D3B600E38DF9 /* SettingsModuleAssembly.swift */ = {isa = PBXFileReference; lastKnownFileType = sourcecode.swift; path = SettingsModuleAssembly.swift; sourceTree = "<group>"; };
		C0E0FF492A44F6CE00E38DF9 /* PreferenceCellModel.swift */ = {isa = PBXFileReference; lastKnownFileType = sourcecode.swift; path = PreferenceCellModel.swift; sourceTree = "<group>"; };
		C0E0FF4B2A44F8C100E38DF9 /* AppearancePresenter.swift */ = {isa = PBXFileReference; lastKnownFileType = sourcecode.swift; path = AppearancePresenter.swift; sourceTree = "<group>"; };
		C0E0FF4D2A44F93700E38DF9 /* AppearanceModuleAssembly.swift */ = {isa = PBXFileReference; lastKnownFileType = sourcecode.swift; path = AppearanceModuleAssembly.swift; sourceTree = "<group>"; };
		C0E0FF4F2A45963100E38DF9 /* AboutPresenter.swift */ = {isa = PBXFileReference; lastKnownFileType = sourcecode.swift; path = AboutPresenter.swift; sourceTree = "<group>"; };
		C0E0FF512A4596AE00E38DF9 /* AboutModuleAssembly.swift */ = {isa = PBXFileReference; lastKnownFileType = sourcecode.swift; path = AboutModuleAssembly.swift; sourceTree = "<group>"; };
		C0E0FF532A45B68F00E38DF9 /* AboutAppCell.swift */ = {isa = PBXFileReference; lastKnownFileType = sourcecode.swift; path = AboutAppCell.swift; sourceTree = "<group>"; };
		C0E0FF552A45D8D900E38DF9 /* StyledTableViewController.swift */ = {isa = PBXFileReference; lastKnownFileType = sourcecode.swift; path = StyledTableViewController.swift; sourceTree = "<group>"; };
		C0E0FF572A45D8F000E38DF9 /* Styled.swift */ = {isa = PBXFileReference; lastKnownFileType = sourcecode.swift; path = Styled.swift; sourceTree = "<group>"; };
		C0E0FF592A45EC5F00E38DF9 /* StyleManager.swift */ = {isa = PBXFileReference; lastKnownFileType = sourcecode.swift; path = StyleManager.swift; sourceTree = "<group>"; };
		C0E0FF5B2A4638CB00E38DF9 /* StyledView.swift */ = {isa = PBXFileReference; lastKnownFileType = sourcecode.swift; path = StyledView.swift; sourceTree = "<group>"; };
		C0E5FC7524BB9B8D00BA93CA /* CalculatorView.swift */ = {isa = PBXFileReference; lastKnownFileType = sourcecode.swift; path = CalculatorView.swift; sourceTree = "<group>"; };
		C0F3D944273B0A7300EA3333 /* UIApplication.swift */ = {isa = PBXFileReference; lastKnownFileType = sourcecode.swift; path = UIApplication.swift; sourceTree = "<group>"; };
		C0F5CF4A270E10870020CE14 /* WordSize.swift */ = {isa = PBXFileReference; lastKnownFileType = sourcecode.swift; path = WordSize.swift; sourceTree = "<group>"; };
		C0F5CF4E270F394E0020CE14 /* Decimal.swift */ = {isa = PBXFileReference; lastKnownFileType = sourcecode.swift; path = Decimal.swift; sourceTree = "<group>"; };
		C0F5CF50270F4B970020CE14 /* WordSizeViewController.swift */ = {isa = PBXFileReference; lastKnownFileType = sourcecode.swift; path = WordSizeViewController.swift; sourceTree = "<group>"; };
		C0F5CF52270F4C4C0020CE14 /* WordSizeView.swift */ = {isa = PBXFileReference; lastKnownFileType = sourcecode.swift; path = WordSizeView.swift; sourceTree = "<group>"; };
/* End PBXFileReference section */

/* Begin PBXFrameworksBuildPhase section */
		C06B7F002443B12B009642B9 /* Frameworks */ = {
			isa = PBXFrameworksBuildPhase;
			buildActionMask = 2147483647;
			files = (
			);
			runOnlyForDeploymentPostprocessing = 0;
		};
		C06B7F162443B12E009642B9 /* Frameworks */ = {
			isa = PBXFrameworksBuildPhase;
			buildActionMask = 2147483647;
			files = (
			);
			runOnlyForDeploymentPostprocessing = 0;
		};
		C06B7F212443B12E009642B9 /* Frameworks */ = {
			isa = PBXFrameworksBuildPhase;
			buildActionMask = 2147483647;
			files = (
			);
			runOnlyForDeploymentPostprocessing = 0;
		};
/* End PBXFrameworksBuildPhase section */

/* Begin PBXGroup section */
		C00616AD270666AD007BEF89 /* Storage */ = {
			isa = PBXGroup;
			children = (
				C082FB822A3353F000F3AA60 /* Storable.swift */,
				C082FB842A33540800F3AA60 /* CalculatorStorage.swift */,
				C0249848279DDC88005EA12A /* PCalcStorage.swift */,
			);
			path = Storage;
			sourceTree = "<group>";
		};
		C05A169924DD7AF7007B7FB8 /* Helpers */ = {
			isa = PBXGroup;
			children = (
				C082FB902A34C0A400F3AA60 /* DeviceType.swift */,
				C097D09B2A09CCD5002FA1E6 /* LabelFormatter.swift */,
				C082FB962A35E6FF00F3AA60 /* Values.swift */,
			);
			path = Helpers;
			sourceTree = "<group>";
		};
		C05B008A24E6B0F100F8A5E0 /* NumberSystems */ = {
			isa = PBXGroup;
			children = (
				C0746E0D24F45C5F00A0BDF9 /* NumberSystem.swift */,
				C07267DC24E5ACB300D4B4A2 /* Binary.swift */,
				C05B008D24E701ED00F8A5E0 /* Octal.swift */,
				C05B009024E71B6E00F8A5E0 /* DecimalSystem.swift */,
				C05B008B24E6E0E100F8A5E0 /* Hexadecimal.swift */,
				C09631DF27305315001DCD25 /* NumberSystemFactory.swift */,
				C00616A727064449007BEF89 /* OctHexHelper.swift */,
			);
			path = NumberSystems;
			sourceTree = "<group>";
		};
		C065DB3824E3C89B0059B38D /* Math */ = {
			isa = PBXGroup;
			children = (
				C096231A2A04235700E6C08F /* OperationFactory.swift */,
				C065DB3B24E3DC4F0059B38D /* CalcMath.swift */,
				C0D919D92731ABC900AD8C05 /* MathState.swift */,
				C0905E702A080843004180A7 /* PCDecimal.swift */,
			);
			path = Math;
			sourceTree = "<group>";
		};
		C0666EBD24F991B8004809EF /* CalculatorView */ = {
			isa = PBXGroup;
			children = (
				C061B7C1250FF9FF000E2EB6 /* CalculatorLabel.swift */,
				C068AFAB24FA605800BFE754 /* CalculatorButton.swift */,
				C082FB8E2A33C0FC00F3AA60 /* ButtonsViewControllerPad.swift */,
				C082FB8C2A33C08A00F3AA60 /* ButtonsViewControllerPhone.swift */,
				C0666EB924F9782F004809EF /* CalcButtonsPage.swift */,
				C0E5FC7524BB9B8D00BA93CA /* CalculatorView.swift */,
				C082FB8A2A33894500F3AA60 /* CalculatorViewController.swift */,
				C0287F7127A31FD2001489FE /* BitButton.swift */,
				C04D34C127921BE200ED9867 /* BitwiseKeypad.swift */,
			);
			path = CalculatorView;
			sourceTree = "<group>";
		};
		C068AFA824FA409200BFE754 /* Extensions */ = {
			isa = PBXGroup;
			children = (
				C09623162A04171B00E6C08F /* Int.swift */,
				C0F5CF4E270F394E0020CE14 /* Decimal.swift */,
				C00616AB27065097007BEF89 /* String.swift */,
				C0F3D944273B0A7300EA3333 /* UIApplication.swift */,
				C09631D12727121D001DCD25 /* UIColor.swift */,
				C052270E27978F6800B7E384 /* UIBarButtonItem.swift */,
				C082FB922A34D22C00F3AA60 /* UIScreen.swift */,
				C0211CD82A9938E100464A44 /* UIFont.swift */,
			);
			path = Extensions;
			sourceTree = "<group>";
		};
		C06B7EFA2443B12B009642B9 = {
			isa = PBXGroup;
			children = (
				C06B7F052443B12B009642B9 /* ProgrammerCalc */,
				C06B7F1C2443B12E009642B9 /* ProgrammerCalcTests */,
				C06B7F272443B12E009642B9 /* ProgrammerCalcUITests */,
				C06B7F042443B12B009642B9 /* Products */,
			);
			sourceTree = "<group>";
		};
		C06B7F042443B12B009642B9 /* Products */ = {
			isa = PBXGroup;
			children = (
				C06B7F032443B12B009642B9 /* ProgrammerCalc.app */,
				C06B7F192443B12E009642B9 /* ProgrammerCalcTests.xctest */,
				C06B7F242443B12E009642B9 /* ProgrammerCalcUITests.xctest */,
			);
			name = Products;
			sourceTree = "<group>";
		};
		C06B7F052443B12B009642B9 /* ProgrammerCalc */ = {
			isa = PBXGroup;
			children = (
				C06B7F062443B12B009642B9 /* AppDelegate.swift */,
				C06B7F082443B12B009642B9 /* SceneDelegate.swift */,
				C0E0FF5D2A46E93800E38DF9 /* Style */,
				C068AFA824FA409200BFE754 /* Extensions */,
				C05A169924DD7AF7007B7FB8 /* Helpers */,
				C0D5BA4C24C340120038A378 /* Model */,
				C0E5FC7424BB9B6100BA93CA /* Views */,
				C0E0FF382A44A8CA00E38DF9 /* Modules */,
				C082FB942A35DAF000F3AA60 /* Assets.xcassets */,
				C06B7F112443B12E009642B9 /* LaunchScreen.storyboard */,
				C06B7F142443B12E009642B9 /* Info.plist */,
				C09631C62725BA7C001DCD25 /* Localizable.strings */,
			);
			path = ProgrammerCalc;
			sourceTree = "<group>";
		};
		C06B7F1C2443B12E009642B9 /* ProgrammerCalcTests */ = {
			isa = PBXGroup;
			children = (
				C09631DB272C581B001DCD25 /* CalculatorTests.swift */,
				C097D09D2A0A53D9002FA1E6 /* LabelFormatterTests.swift */,
				C06072B02501567E004CF6AA /* CalcMathTests.swift */,
				C096231C2A05650300E6C08F /* PCDecimalTests.swift */,
				C064A3AF24FD847B003DE683 /* ConverterTests.swift */,
				C06DFD5C24FC22C600255646 /* BinaryTests.swift */,
				C064A3AD24FD5B13003DE683 /* OctalTests.swift */,
				C06D285427999B4D00C74888 /* DecimalTests.swift */,
				C064A3A924FD55B8003DE683 /* HexadecimalTests.swift */,
				C09631DD272D4FBE001DCD25 /* StringExtTests.swift */,
				C06B7F1F2443B12E009642B9 /* Info.plist */,
			);
			path = ProgrammerCalcTests;
			sourceTree = "<group>";
		};
		C06B7F272443B12E009642B9 /* ProgrammerCalcUITests */ = {
			isa = PBXGroup;
			children = (
				C06B7F282443B12E009642B9 /* ProgrammerCalcUITests.swift */,
				C06B7F2A2443B12E009642B9 /* Info.plist */,
			);
			path = ProgrammerCalcUITests;
			sourceTree = "<group>";
		};
		C0D5BA4C24C340120038A378 /* Model */ = {
			isa = PBXGroup;
			children = (
				C00616AD270666AD007BEF89 /* Storage */,
				C065DB3824E3C89B0059B38D /* Math */,
				C05B008A24E6B0F100F8A5E0 /* NumberSystems */,
				C09623182A041A1800E6C08F /* Calculator.swift */,
				C066756D24E2D83300F832F9 /* Converter.swift */,
				C065DB3D24E41E610059B38D /* CalcState.swift */,
				C077CF7024DC987B008E5F0F /* Settings.swift */,
				C0287F7327A32250001489FE /* StyleSettings.swift */,
				C0635A7A24D9E2AA003855A9 /* ConversionSettings.swift */,
				C066756824E27AE700F832F9 /* ConversionValues.swift */,
				C0F5CF4A270E10870020CE14 /* WordSize.swift */,
				C0E0FF492A44F6CE00E38DF9 /* PreferenceCellModel.swift */,
			);
			path = Model;
			sourceTree = "<group>";
		};
		C0D919E627320F9900AD8C05 /* Apperance */ = {
			isa = PBXGroup;
			children = (
				C09631C92726FB12001DCD25 /* AppearanceViewController.swift */,
				C0E0FF4B2A44F8C100E38DF9 /* AppearancePresenter.swift */,
				C0E0FF4D2A44F93700E38DF9 /* AppearanceModuleAssembly.swift */,
			);
			path = Apperance;
			sourceTree = "<group>";
		};
		C0D919E727320FBD00AD8C05 /* AboutModule */ = {
			isa = PBXGroup;
			children = (
				C0E0FF532A45B68F00E38DF9 /* AboutAppCell.swift */,
				C0CC6DFE271F68AA00E59E64 /* AboutViewController.swift */,
				C0E0FF4F2A45963100E38DF9 /* AboutPresenter.swift */,
				C0E0FF512A4596AE00E38DF9 /* AboutModuleAssembly.swift */,
				C0D919DB2731F80600AD8C05 /* DescriptionViewController.swift */,
			);
			path = AboutModule;
			sourceTree = "<group>";
		};
		C0E0FF382A44A8CA00E38DF9 /* Modules */ = {
			isa = PBXGroup;
			children = (
				C0E0FF392A44A8D900E38DF9 /* Calculator */,
				C0E0FF3A2A44A96600E38DF9 /* Conversion */,
				C0E0FF3B2A44A99F00E38DF9 /* WordSize */,
				C0E0FF3C2A44AA0A00E38DF9 /* Settings */,
				C0D919E627320F9900AD8C05 /* Apperance */,
				C0D919E727320FBD00AD8C05 /* AboutModule */,
			);
			path = Modules;
			sourceTree = "<group>";
		};
		C0E0FF392A44A8D900E38DF9 /* Calculator */ = {
			isa = PBXGroup;
			children = (
				C0666EBD24F991B8004809EF /* CalculatorView */,
				C0712FE827908B9700CF408A /* BitwiseKeypadController.swift */,
				C0666EB724F97774004809EF /* CalcButtonsViewController.swift */,
				C082FB862A33705E00F3AA60 /* CalculatorPresenter.swift */,
				C082FB882A33722C00F3AA60 /* CalculatorModuleAssembly.swift */,
			);
			path = Calculator;
			sourceTree = "<group>";
		};
		C0E0FF3A2A44A96600E38DF9 /* Conversion */ = {
			isa = PBXGroup;
			children = (
				C0635A7824D9E0F6003855A9 /* ConversionPicker.swift */,
				C0619AC124D71227008A7291 /* ConversionView.swift */,
				C0619AC324D71240008A7291 /* ConversionViewController.swift */,
				C0E0FF3D2A44AB8400E38DF9 /* ConversionPresenter.swift */,
				C0E0FF3F2A44ABFA00E38DF9 /* ConversionModuleAssembly.swift */,
			);
			path = Conversion;
			sourceTree = "<group>";
		};
		C0E0FF3B2A44A99F00E38DF9 /* WordSize */ = {
			isa = PBXGroup;
			children = (
				C0F5CF52270F4C4C0020CE14 /* WordSizeView.swift */,
				C0F5CF50270F4B970020CE14 /* WordSizeViewController.swift */,
				C0E0FF412A44BF7600E38DF9 /* WordSizePresenter.swift */,
				C0E0FF432A44BFE800E38DF9 /* WordSizeModuleAssembly.swift */,
			);
			path = WordSize;
			sourceTree = "<group>";
		};
		C0E0FF3C2A44AA0A00E38DF9 /* Settings */ = {
			isa = PBXGroup;
			children = (
				C070ED2324DB0EC800A04463 /* SettingsViewController.swift */,
				C0E0FF452A44D03E00E38DF9 /* SettingsPresenter.swift */,
				C0E0FF472A44D3B600E38DF9 /* SettingsModuleAssembly.swift */,
			);
			path = Settings;
			sourceTree = "<group>";
		};
		C0E0FF5D2A46E93800E38DF9 /* Style */ = {
			isa = PBXGroup;
			children = (
				C09631CD27270D6B001DCD25 /* Style.swift */,
				C09631D527277066001DCD25 /* ButtonStyle.swift */,
				C09631CF27270FCC001DCD25 /* StyleFactory.swift */,
				C0E0FF592A45EC5F00E38DF9 /* StyleManager.swift */,
			);
			path = Style;
			sourceTree = "<group>";
		};
		C0E5FC7424BB9B6100BA93CA /* Views */ = {
			isa = PBXGroup;
			children = (
				C0E0FF572A45D8F000E38DF9 /* Styled.swift */,
				C0E0FF5B2A4638CB00E38DF9 /* StyledView.swift */,
				C09631D72728E9DC001DCD25 /* StyledViewController.swift */,
				C0E0FF552A45D8D900E38DF9 /* StyledTableViewController.swift */,
				C0817787271D045E0068CF45 /* PopoverDoneButton.swift */,
				C077CF6E24DC8DEE008E5F0F /* PreferenceCell.swift */,
			);
			path = Views;
			sourceTree = "<group>";
		};
/* End PBXGroup section */

/* Begin PBXNativeTarget section */
		C06B7F022443B12B009642B9 /* ProgrammerCalc */ = {
			isa = PBXNativeTarget;
			buildConfigurationList = C06B7F2D2443B12E009642B9 /* Build configuration list for PBXNativeTarget "ProgrammerCalc" */;
			buildPhases = (
				C06B7EFF2443B12B009642B9 /* Sources */,
				C06B7F002443B12B009642B9 /* Frameworks */,
				C06B7F012443B12B009642B9 /* Resources */,
			);
			buildRules = (
			);
			dependencies = (
			);
			name = ProgrammerCalc;
			productName = ProgrammerCalc;
			productReference = C06B7F032443B12B009642B9 /* ProgrammerCalc.app */;
			productType = "com.apple.product-type.application";
		};
		C06B7F182443B12E009642B9 /* ProgrammerCalcTests */ = {
			isa = PBXNativeTarget;
			buildConfigurationList = C06B7F302443B12E009642B9 /* Build configuration list for PBXNativeTarget "ProgrammerCalcTests" */;
			buildPhases = (
				C06B7F152443B12E009642B9 /* Sources */,
				C06B7F162443B12E009642B9 /* Frameworks */,
				C06B7F172443B12E009642B9 /* Resources */,
			);
			buildRules = (
			);
			dependencies = (
				C06B7F1B2443B12E009642B9 /* PBXTargetDependency */,
			);
			name = ProgrammerCalcTests;
			productName = ProgrammerCalcTests;
			productReference = C06B7F192443B12E009642B9 /* ProgrammerCalcTests.xctest */;
			productType = "com.apple.product-type.bundle.unit-test";
		};
		C06B7F232443B12E009642B9 /* ProgrammerCalcUITests */ = {
			isa = PBXNativeTarget;
			buildConfigurationList = C06B7F332443B12E009642B9 /* Build configuration list for PBXNativeTarget "ProgrammerCalcUITests" */;
			buildPhases = (
				C06B7F202443B12E009642B9 /* Sources */,
				C06B7F212443B12E009642B9 /* Frameworks */,
				C06B7F222443B12E009642B9 /* Resources */,
			);
			buildRules = (
			);
			dependencies = (
				C06B7F262443B12E009642B9 /* PBXTargetDependency */,
			);
			name = ProgrammerCalcUITests;
			productName = ProgrammerCalcUITests;
			productReference = C06B7F242443B12E009642B9 /* ProgrammerCalcUITests.xctest */;
			productType = "com.apple.product-type.bundle.ui-testing";
		};
/* End PBXNativeTarget section */

/* Begin PBXProject section */
		C06B7EFB2443B12B009642B9 /* Project object */ = {
			isa = PBXProject;
			attributes = {
				BuildIndependentTargetsInParallel = YES;
				LastSwiftUpdateCheck = 1140;
				LastUpgradeCheck = 1430;
				ORGANIZATIONNAME = ighiba;
				TargetAttributes = {
					C06B7F022443B12B009642B9 = {
						CreatedOnToolsVersion = 11.4;
						LastSwiftMigration = 1150;
					};
					C06B7F182443B12E009642B9 = {
						CreatedOnToolsVersion = 11.4;
						TestTargetID = C06B7F022443B12B009642B9;
					};
					C06B7F232443B12E009642B9 = {
						CreatedOnToolsVersion = 11.4;
						TestTargetID = C06B7F022443B12B009642B9;
					};
				};
			};
			buildConfigurationList = C06B7EFE2443B12B009642B9 /* Build configuration list for PBXProject "ProgrammerCalc" */;
			compatibilityVersion = "Xcode 9.3";
			developmentRegion = en;
			hasScannedForEncodings = 0;
			knownRegions = (
				en,
				Base,
				ru,
			);
			mainGroup = C06B7EFA2443B12B009642B9;
			productRefGroup = C06B7F042443B12B009642B9 /* Products */;
			projectDirPath = "";
			projectRoot = "";
			targets = (
				C06B7F022443B12B009642B9 /* ProgrammerCalc */,
				C06B7F182443B12E009642B9 /* ProgrammerCalcTests */,
				C06B7F232443B12E009642B9 /* ProgrammerCalcUITests */,
			);
		};
/* End PBXProject section */

/* Begin PBXResourcesBuildPhase section */
		C06B7F012443B12B009642B9 /* Resources */ = {
			isa = PBXResourcesBuildPhase;
			buildActionMask = 2147483647;
			files = (
				C06B7F132443B12E009642B9 /* LaunchScreen.storyboard in Resources */,
				C09631C42725BA7C001DCD25 /* Localizable.strings in Resources */,
				C082FB952A35DAF000F3AA60 /* Assets.xcassets in Resources */,
			);
			runOnlyForDeploymentPostprocessing = 0;
		};
		C06B7F172443B12E009642B9 /* Resources */ = {
			isa = PBXResourcesBuildPhase;
			buildActionMask = 2147483647;
			files = (
			);
			runOnlyForDeploymentPostprocessing = 0;
		};
		C06B7F222443B12E009642B9 /* Resources */ = {
			isa = PBXResourcesBuildPhase;
			buildActionMask = 2147483647;
			files = (
			);
			runOnlyForDeploymentPostprocessing = 0;
		};
/* End PBXResourcesBuildPhase section */

/* Begin PBXSourcesBuildPhase section */
		C06B7EFF2443B12B009642B9 /* Sources */ = {
			isa = PBXSourcesBuildPhase;
			buildActionMask = 2147483647;
			files = (
				C0F3D945273B0A7300EA3333 /* UIApplication.swift in Sources */,
				C0635A7924D9E0F6003855A9 /* ConversionPicker.swift in Sources */,
				C09631D627277066001DCD25 /* ButtonStyle.swift in Sources */,
				C0E0FF502A45963100E38DF9 /* AboutPresenter.swift in Sources */,
				C0666EB824F97774004809EF /* CalcButtonsViewController.swift in Sources */,
				C065DB3C24E3DC4F0059B38D /* CalcMath.swift in Sources */,
				C0E0FF422A44BF7600E38DF9 /* WordSizePresenter.swift in Sources */,
				C0619AC224D71227008A7291 /* ConversionView.swift in Sources */,
				C082FB892A33722C00F3AA60 /* CalculatorModuleAssembly.swift in Sources */,
				C082FB872A33705E00F3AA60 /* CalculatorPresenter.swift in Sources */,
				C09631D22727121D001DCD25 /* UIColor.swift in Sources */,
				C0287F7227A31FD2001489FE /* BitButton.swift in Sources */,
				C0746E0E24F45C6000A0BDF9 /* NumberSystem.swift in Sources */,
				C05B008E24E701ED00F8A5E0 /* Octal.swift in Sources */,
				C0E0FF562A45D8D900E38DF9 /* StyledTableViewController.swift in Sources */,
				C061B7C2250FF9FF000E2EB6 /* CalculatorLabel.swift in Sources */,
				C0D919DA2731ABC900AD8C05 /* MathState.swift in Sources */,
				C09631CA2726FB12001DCD25 /* AppearanceViewController.swift in Sources */,
				C0635A7B24D9E2AA003855A9 /* ConversionSettings.swift in Sources */,
				C065DB3E24E41E610059B38D /* CalcState.swift in Sources */,
				C077CF6F24DC8DEE008E5F0F /* PreferenceCell.swift in Sources */,
				C082FB852A33540800F3AA60 /* CalculatorStorage.swift in Sources */,
				C0712FE927908B9700CF408A /* BitwiseKeypadController.swift in Sources */,
				C0E0FF542A45B68F00E38DF9 /* AboutAppCell.swift in Sources */,
				C066756924E27AE700F832F9 /* ConversionValues.swift in Sources */,
				C068AFAC24FA605800BFE754 /* CalculatorButton.swift in Sources */,
				C0E0FF442A44BFE800E38DF9 /* WordSizeModuleAssembly.swift in Sources */,
				C00616AC27065097007BEF89 /* String.swift in Sources */,
				C0E0FF482A44D3B600E38DF9 /* SettingsModuleAssembly.swift in Sources */,
				C082FB912A34C0A400F3AA60 /* DeviceType.swift in Sources */,
				C0D919DC2731F80600AD8C05 /* DescriptionViewController.swift in Sources */,
				C0E0FF4E2A44F93700E38DF9 /* AppearanceModuleAssembly.swift in Sources */,
				C0E0FF582A45D8F000E38DF9 /* Styled.swift in Sources */,
				C0211CD92A9938E100464A44 /* UIFont.swift in Sources */,
				C0E0FF3E2A44AB8400E38DF9 /* ConversionPresenter.swift in Sources */,
				C0F5CF53270F4C4C0020CE14 /* WordSizeView.swift in Sources */,
				C0F5CF4B270E10870020CE14 /* WordSize.swift in Sources */,
				C04D34C227921BE200ED9867 /* BitwiseKeypad.swift in Sources */,
				C0287F7427A32250001489FE /* StyleSettings.swift in Sources */,
				C082FB8D2A33C08A00F3AA60 /* ButtonsViewControllerPhone.swift in Sources */,
				C05B008C24E6E0E100F8A5E0 /* Hexadecimal.swift in Sources */,
				C0E0FF4A2A44F6CE00E38DF9 /* PreferenceCellModel.swift in Sources */,
				C0E0FF5A2A45EC5F00E38DF9 /* StyleManager.swift in Sources */,
				C082FB8B2A33894500F3AA60 /* CalculatorViewController.swift in Sources */,
				C09623172A04171B00E6C08F /* Int.swift in Sources */,
				C070ED2424DB0EC900A04463 /* SettingsViewController.swift in Sources */,
				C0E5FC7624BB9B8D00BA93CA /* CalculatorView.swift in Sources */,
				C096231B2A04235700E6C08F /* OperationFactory.swift in Sources */,
				C097D09C2A09CCD5002FA1E6 /* LabelFormatter.swift in Sources */,
				C0619AC424D71240008A7291 /* ConversionViewController.swift in Sources */,
				C0E0FF5C2A4638CB00E38DF9 /* StyledView.swift in Sources */,
				C082FB932A34D22C00F3AA60 /* UIScreen.swift in Sources */,
				C082FB832A3353F000F3AA60 /* Storable.swift in Sources */,
				C0817788271D045E0068CF45 /* PopoverDoneButton.swift in Sources */,
				C09631D027270FCC001DCD25 /* StyleFactory.swift in Sources */,
				C0905E712A080843004180A7 /* PCDecimal.swift in Sources */,
				C0CC6DFF271F68AA00E59E64 /* AboutViewController.swift in Sources */,
				C066756E24E2D83300F832F9 /* Converter.swift in Sources */,
				C0E0FF402A44ABFA00E38DF9 /* ConversionModuleAssembly.swift in Sources */,
				C082FB972A35E6FF00F3AA60 /* Values.swift in Sources */,
				C05B009124E71B6E00F8A5E0 /* DecimalSystem.swift in Sources */,
				C06B7F072443B12B009642B9 /* AppDelegate.swift in Sources */,
				C09631D82728E9DC001DCD25 /* StyledViewController.swift in Sources */,
				C09631CE27270D6B001DCD25 /* Style.swift in Sources */,
				C0F5CF51270F4B970020CE14 /* WordSizeViewController.swift in Sources */,
				C06B7F092443B12B009642B9 /* SceneDelegate.swift in Sources */,
				C07267DD24E5ACB300D4B4A2 /* Binary.swift in Sources */,
				C0249849279DDC88005EA12A /* PCalcStorage.swift in Sources */,
				C09631E027305315001DCD25 /* NumberSystemFactory.swift in Sources */,
				C077CF7124DC987B008E5F0F /* Settings.swift in Sources */,
				C082FB8F2A33C0FC00F3AA60 /* ButtonsViewControllerPad.swift in Sources */,
				C09623192A041A1800E6C08F /* Calculator.swift in Sources */,
				C00616A827064449007BEF89 /* OctHexHelper.swift in Sources */,
				C052270F27978F6800B7E384 /* UIBarButtonItem.swift in Sources */,
				C0666EBA24F9782F004809EF /* CalcButtonsPage.swift in Sources */,
				C0E0FF4C2A44F8C100E38DF9 /* AppearancePresenter.swift in Sources */,
				C0E0FF522A4596AE00E38DF9 /* AboutModuleAssembly.swift in Sources */,
				C0F5CF4F270F394E0020CE14 /* Decimal.swift in Sources */,
				C0E0FF462A44D03E00E38DF9 /* SettingsPresenter.swift in Sources */,
			);
			runOnlyForDeploymentPostprocessing = 0;
		};
		C06B7F152443B12E009642B9 /* Sources */ = {
			isa = PBXSourcesBuildPhase;
			buildActionMask = 2147483647;
			files = (
				C09631DC272C581C001DCD25 /* CalculatorTests.swift in Sources */,
				C06072B12501567E004CF6AA /* CalcMathTests.swift in Sources */,
				C09631DE272D4FBE001DCD25 /* StringExtTests.swift in Sources */,
				C06DFD5D24FC22C600255646 /* BinaryTests.swift in Sources */,
				C064A3AE24FD5B13003DE683 /* OctalTests.swift in Sources */,
				C096231D2A05650300E6C08F /* PCDecimalTests.swift in Sources */,
				C064A3AA24FD55B8003DE683 /* HexadecimalTests.swift in Sources */,
				C064A3B024FD847B003DE683 /* ConverterTests.swift in Sources */,
				C06D285527999B4D00C74888 /* DecimalTests.swift in Sources */,
				C097D09E2A0A53D9002FA1E6 /* LabelFormatterTests.swift in Sources */,
			);
			runOnlyForDeploymentPostprocessing = 0;
		};
		C06B7F202443B12E009642B9 /* Sources */ = {
			isa = PBXSourcesBuildPhase;
			buildActionMask = 2147483647;
			files = (
				C06B7F292443B12E009642B9 /* ProgrammerCalcUITests.swift in Sources */,
			);
			runOnlyForDeploymentPostprocessing = 0;
		};
/* End PBXSourcesBuildPhase section */

/* Begin PBXTargetDependency section */
		C06B7F1B2443B12E009642B9 /* PBXTargetDependency */ = {
			isa = PBXTargetDependency;
			target = C06B7F022443B12B009642B9 /* ProgrammerCalc */;
			targetProxy = C06B7F1A2443B12E009642B9 /* PBXContainerItemProxy */;
		};
		C06B7F262443B12E009642B9 /* PBXTargetDependency */ = {
			isa = PBXTargetDependency;
			target = C06B7F022443B12B009642B9 /* ProgrammerCalc */;
			targetProxy = C06B7F252443B12E009642B9 /* PBXContainerItemProxy */;
		};
/* End PBXTargetDependency section */

/* Begin PBXVariantGroup section */
		C06B7F112443B12E009642B9 /* LaunchScreen.storyboard */ = {
			isa = PBXVariantGroup;
			children = (
				C06B7F122443B12E009642B9 /* Base */,
				C09631C32725BA6E001DCD25 /* ru */,
			);
			name = LaunchScreen.storyboard;
			sourceTree = "<group>";
		};
		C09631C62725BA7C001DCD25 /* Localizable.strings */ = {
			isa = PBXVariantGroup;
			children = (
				C09631C52725BA7C001DCD25 /* en */,
				C09631C82725BA95001DCD25 /* ru */,
			);
			name = Localizable.strings;
			sourceTree = "<group>";
		};
/* End PBXVariantGroup section */

/* Begin XCBuildConfiguration section */
		C06B7F2B2443B12E009642B9 /* Debug */ = {
			isa = XCBuildConfiguration;
			buildSettings = {
				ALWAYS_SEARCH_USER_PATHS = NO;
				CLANG_ANALYZER_LOCALIZABILITY_NONLOCALIZED = YES;
				CLANG_ANALYZER_NONNULL = YES;
				CLANG_ANALYZER_NUMBER_OBJECT_CONVERSION = YES_AGGRESSIVE;
				CLANG_CXX_LANGUAGE_STANDARD = "gnu++14";
				CLANG_CXX_LIBRARY = "libc++";
				CLANG_ENABLE_MODULES = YES;
				CLANG_ENABLE_OBJC_ARC = YES;
				CLANG_ENABLE_OBJC_WEAK = YES;
				CLANG_WARN_BLOCK_CAPTURE_AUTORELEASING = YES;
				CLANG_WARN_BOOL_CONVERSION = YES;
				CLANG_WARN_COMMA = YES;
				CLANG_WARN_CONSTANT_CONVERSION = YES;
				CLANG_WARN_DEPRECATED_OBJC_IMPLEMENTATIONS = YES;
				CLANG_WARN_DIRECT_OBJC_ISA_USAGE = YES_ERROR;
				CLANG_WARN_DOCUMENTATION_COMMENTS = YES;
				CLANG_WARN_EMPTY_BODY = YES;
				CLANG_WARN_ENUM_CONVERSION = YES;
				CLANG_WARN_INFINITE_RECURSION = YES;
				CLANG_WARN_INT_CONVERSION = YES;
				CLANG_WARN_NON_LITERAL_NULL_CONVERSION = YES;
				CLANG_WARN_OBJC_IMPLICIT_RETAIN_SELF = YES;
				CLANG_WARN_OBJC_LITERAL_CONVERSION = YES;
				CLANG_WARN_OBJC_ROOT_CLASS = YES_ERROR;
				CLANG_WARN_QUOTED_INCLUDE_IN_FRAMEWORK_HEADER = YES;
				CLANG_WARN_RANGE_LOOP_ANALYSIS = YES;
				CLANG_WARN_STRICT_PROTOTYPES = YES;
				CLANG_WARN_SUSPICIOUS_MOVE = YES;
				CLANG_WARN_UNGUARDED_AVAILABILITY = YES_AGGRESSIVE;
				CLANG_WARN_UNREACHABLE_CODE = YES;
				CLANG_WARN__DUPLICATE_METHOD_MATCH = YES;
				COPY_PHASE_STRIP = NO;
				DEBUG_INFORMATION_FORMAT = dwarf;
				ENABLE_STRICT_OBJC_MSGSEND = YES;
				ENABLE_TESTABILITY = YES;
				GCC_C_LANGUAGE_STANDARD = gnu11;
				GCC_DYNAMIC_NO_PIC = NO;
				GCC_NO_COMMON_BLOCKS = YES;
				GCC_OPTIMIZATION_LEVEL = 0;
				GCC_PREPROCESSOR_DEFINITIONS = (
					"DEBUG=1",
					"$(inherited)",
				);
				GCC_WARN_64_TO_32_BIT_CONVERSION = YES;
				GCC_WARN_ABOUT_RETURN_TYPE = YES_ERROR;
				GCC_WARN_UNDECLARED_SELECTOR = YES;
				GCC_WARN_UNINITIALIZED_AUTOS = YES_AGGRESSIVE;
				GCC_WARN_UNUSED_FUNCTION = YES;
				GCC_WARN_UNUSED_VARIABLE = YES;
				IPHONEOS_DEPLOYMENT_TARGET = 13.0;
				MTL_ENABLE_DEBUG_INFO = INCLUDE_SOURCE;
				MTL_FAST_MATH = YES;
				ONLY_ACTIVE_ARCH = YES;
				SDKROOT = iphoneos;
				SWIFT_ACTIVE_COMPILATION_CONDITIONS = DEBUG;
				SWIFT_OPTIMIZATION_LEVEL = "-Onone";
			};
			name = Debug;
		};
		C06B7F2C2443B12E009642B9 /* Release */ = {
			isa = XCBuildConfiguration;
			buildSettings = {
				ALWAYS_SEARCH_USER_PATHS = NO;
				CLANG_ANALYZER_LOCALIZABILITY_NONLOCALIZED = YES;
				CLANG_ANALYZER_NONNULL = YES;
				CLANG_ANALYZER_NUMBER_OBJECT_CONVERSION = YES_AGGRESSIVE;
				CLANG_CXX_LANGUAGE_STANDARD = "gnu++14";
				CLANG_CXX_LIBRARY = "libc++";
				CLANG_ENABLE_MODULES = YES;
				CLANG_ENABLE_OBJC_ARC = YES;
				CLANG_ENABLE_OBJC_WEAK = YES;
				CLANG_WARN_BLOCK_CAPTURE_AUTORELEASING = YES;
				CLANG_WARN_BOOL_CONVERSION = YES;
				CLANG_WARN_COMMA = YES;
				CLANG_WARN_CONSTANT_CONVERSION = YES;
				CLANG_WARN_DEPRECATED_OBJC_IMPLEMENTATIONS = YES;
				CLANG_WARN_DIRECT_OBJC_ISA_USAGE = YES_ERROR;
				CLANG_WARN_DOCUMENTATION_COMMENTS = YES;
				CLANG_WARN_EMPTY_BODY = YES;
				CLANG_WARN_ENUM_CONVERSION = YES;
				CLANG_WARN_INFINITE_RECURSION = YES;
				CLANG_WARN_INT_CONVERSION = YES;
				CLANG_WARN_NON_LITERAL_NULL_CONVERSION = YES;
				CLANG_WARN_OBJC_IMPLICIT_RETAIN_SELF = YES;
				CLANG_WARN_OBJC_LITERAL_CONVERSION = YES;
				CLANG_WARN_OBJC_ROOT_CLASS = YES_ERROR;
				CLANG_WARN_QUOTED_INCLUDE_IN_FRAMEWORK_HEADER = YES;
				CLANG_WARN_RANGE_LOOP_ANALYSIS = YES;
				CLANG_WARN_STRICT_PROTOTYPES = YES;
				CLANG_WARN_SUSPICIOUS_MOVE = YES;
				CLANG_WARN_UNGUARDED_AVAILABILITY = YES_AGGRESSIVE;
				CLANG_WARN_UNREACHABLE_CODE = YES;
				CLANG_WARN__DUPLICATE_METHOD_MATCH = YES;
				COPY_PHASE_STRIP = NO;
				DEBUG_INFORMATION_FORMAT = "dwarf-with-dsym";
				ENABLE_NS_ASSERTIONS = NO;
				ENABLE_STRICT_OBJC_MSGSEND = YES;
				GCC_C_LANGUAGE_STANDARD = gnu11;
				GCC_NO_COMMON_BLOCKS = YES;
				GCC_WARN_64_TO_32_BIT_CONVERSION = YES;
				GCC_WARN_ABOUT_RETURN_TYPE = YES_ERROR;
				GCC_WARN_UNDECLARED_SELECTOR = YES;
				GCC_WARN_UNINITIALIZED_AUTOS = YES_AGGRESSIVE;
				GCC_WARN_UNUSED_FUNCTION = YES;
				GCC_WARN_UNUSED_VARIABLE = YES;
				IPHONEOS_DEPLOYMENT_TARGET = 13.0;
				MTL_ENABLE_DEBUG_INFO = NO;
				MTL_FAST_MATH = YES;
				SDKROOT = iphoneos;
				SWIFT_COMPILATION_MODE = wholemodule;
				SWIFT_OPTIMIZATION_LEVEL = "-O";
				VALIDATE_PRODUCT = YES;
			};
			name = Release;
		};
		C06B7F2E2443B12E009642B9 /* Debug */ = {
			isa = XCBuildConfiguration;
			buildSettings = {
				ASSETCATALOG_COMPILER_APPICON_NAME = AppIcon;
				CLANG_ENABLE_MODULES = YES;
				CODE_SIGN_STYLE = Automatic;
				CURRENT_PROJECT_VERSION = 15;
				DEVELOPMENT_TEAM = 586JQB45F3;
				INFOPLIST_FILE = ProgrammerCalc/Info.plist;
				INFOPLIST_KEY_CFBundleDisplayName = "Programmer's Calculator";
				INFOPLIST_KEY_LSApplicationCategoryType = "public.app-category.utilities";
				IPHONEOS_DEPLOYMENT_TARGET = 13.0;
				LD_RUNPATH_SEARCH_PATHS = (
					"$(inherited)",
					"@executable_path/Frameworks",
				);
				MARKETING_VERSION = 1.2.3;
				PRODUCT_BUNDLE_IDENTIFIER = ru.ighiba.ProgrammerCalc;
				PRODUCT_NAME = "$(TARGET_NAME)";
				SUPPORTED_PLATFORMS = "iphoneos iphonesimulator";
				SUPPORTS_MACCATALYST = NO;
				SUPPORTS_MAC_DESIGNED_FOR_IPHONE_IPAD = YES;
				SWIFT_OBJC_BRIDGING_HEADER = "";
				SWIFT_OPTIMIZATION_LEVEL = "-Onone";
				SWIFT_VERSION = 5.0;
				TARGETED_DEVICE_FAMILY = "1,2";
			};
			name = Debug;
		};
		C06B7F2F2443B12E009642B9 /* Release */ = {
			isa = XCBuildConfiguration;
			buildSettings = {
				ASSETCATALOG_COMPILER_APPICON_NAME = AppIcon;
				CLANG_ENABLE_MODULES = YES;
				CODE_SIGN_STYLE = Automatic;
				CURRENT_PROJECT_VERSION = 15;
				DEVELOPMENT_TEAM = 586JQB45F3;
				INFOPLIST_FILE = ProgrammerCalc/Info.plist;
				INFOPLIST_KEY_CFBundleDisplayName = "Programmer's Calculator";
				INFOPLIST_KEY_LSApplicationCategoryType = "public.app-category.utilities";
				IPHONEOS_DEPLOYMENT_TARGET = 13.0;
				LD_RUNPATH_SEARCH_PATHS = (
					"$(inherited)",
					"@executable_path/Frameworks",
				);
				MARKETING_VERSION = 1.2.3;
				PRODUCT_BUNDLE_IDENTIFIER = ru.ighiba.ProgrammerCalc;
				PRODUCT_NAME = "$(TARGET_NAME)";
				SUPPORTED_PLATFORMS = "iphoneos iphonesimulator";
				SUPPORTS_MACCATALYST = NO;
				SUPPORTS_MAC_DESIGNED_FOR_IPHONE_IPAD = YES;
				SWIFT_OBJC_BRIDGING_HEADER = "";
				SWIFT_VERSION = 5.0;
				TARGETED_DEVICE_FAMILY = "1,2";
			};
			name = Release;
		};
		C06B7F312443B12E009642B9 /* Debug */ = {
			isa = XCBuildConfiguration;
			buildSettings = {
				ALWAYS_EMBED_SWIFT_STANDARD_LIBRARIES = YES;
				BUNDLE_LOADER = "$(TEST_HOST)";
				CODE_SIGN_STYLE = Automatic;
				DEVELOPMENT_TEAM = 586JQB45F3;
				INFOPLIST_FILE = ProgrammerCalcTests/Info.plist;
				IPHONEOS_DEPLOYMENT_TARGET = 14.5;
				LD_RUNPATH_SEARCH_PATHS = (
					"$(inherited)",
					"@executable_path/Frameworks",
					"@loader_path/Frameworks",
				);
				PRODUCT_BUNDLE_IDENTIFIER = com.ighiba.ProgrammerCalcTests;
				PRODUCT_NAME = "$(TARGET_NAME)";
				SWIFT_VERSION = 5.0;
				TARGETED_DEVICE_FAMILY = "1,2";
				TEST_HOST = "$(BUILT_PRODUCTS_DIR)/ProgrammerCalc.app/ProgrammerCalc";
			};
			name = Debug;
		};
		C06B7F322443B12E009642B9 /* Release */ = {
			isa = XCBuildConfiguration;
			buildSettings = {
				ALWAYS_EMBED_SWIFT_STANDARD_LIBRARIES = YES;
				BUNDLE_LOADER = "$(TEST_HOST)";
				CODE_SIGN_STYLE = Automatic;
				DEVELOPMENT_TEAM = 586JQB45F3;
				INFOPLIST_FILE = ProgrammerCalcTests/Info.plist;
				IPHONEOS_DEPLOYMENT_TARGET = 14.5;
				LD_RUNPATH_SEARCH_PATHS = (
					"$(inherited)",
					"@executable_path/Frameworks",
					"@loader_path/Frameworks",
				);
				PRODUCT_BUNDLE_IDENTIFIER = com.ighiba.ProgrammerCalcTests;
				PRODUCT_NAME = "$(TARGET_NAME)";
				SWIFT_VERSION = 5.0;
				TARGETED_DEVICE_FAMILY = "1,2";
				TEST_HOST = "$(BUILT_PRODUCTS_DIR)/ProgrammerCalc.app/ProgrammerCalc";
			};
			name = Release;
		};
		C06B7F342443B12E009642B9 /* Debug */ = {
			isa = XCBuildConfiguration;
			buildSettings = {
				ALWAYS_EMBED_SWIFT_STANDARD_LIBRARIES = YES;
				CODE_SIGN_STYLE = Automatic;
				DEVELOPMENT_TEAM = 586JQB45F3;
				INFOPLIST_FILE = ProgrammerCalcUITests/Info.plist;
				LD_RUNPATH_SEARCH_PATHS = (
					"$(inherited)",
					"@executable_path/Frameworks",
					"@loader_path/Frameworks",
				);
				PRODUCT_BUNDLE_IDENTIFIER = com.ighiba.ProgrammerCalcUITests;
				PRODUCT_NAME = "$(TARGET_NAME)";
				SWIFT_VERSION = 5.0;
				TARGETED_DEVICE_FAMILY = "1,2";
				TEST_TARGET_NAME = ProgrammerCalc;
			};
			name = Debug;
		};
		C06B7F352443B12E009642B9 /* Release */ = {
			isa = XCBuildConfiguration;
			buildSettings = {
				ALWAYS_EMBED_SWIFT_STANDARD_LIBRARIES = YES;
				CODE_SIGN_STYLE = Automatic;
				DEVELOPMENT_TEAM = 586JQB45F3;
				INFOPLIST_FILE = ProgrammerCalcUITests/Info.plist;
				LD_RUNPATH_SEARCH_PATHS = (
					"$(inherited)",
					"@executable_path/Frameworks",
					"@loader_path/Frameworks",
				);
				PRODUCT_BUNDLE_IDENTIFIER = com.ighiba.ProgrammerCalcUITests;
				PRODUCT_NAME = "$(TARGET_NAME)";
				SWIFT_VERSION = 5.0;
				TARGETED_DEVICE_FAMILY = "1,2";
				TEST_TARGET_NAME = ProgrammerCalc;
			};
			name = Release;
		};
/* End XCBuildConfiguration section */

/* Begin XCConfigurationList section */
		C06B7EFE2443B12B009642B9 /* Build configuration list for PBXProject "ProgrammerCalc" */ = {
			isa = XCConfigurationList;
			buildConfigurations = (
				C06B7F2B2443B12E009642B9 /* Debug */,
				C06B7F2C2443B12E009642B9 /* Release */,
			);
			defaultConfigurationIsVisible = 0;
			defaultConfigurationName = Release;
		};
		C06B7F2D2443B12E009642B9 /* Build configuration list for PBXNativeTarget "ProgrammerCalc" */ = {
			isa = XCConfigurationList;
			buildConfigurations = (
				C06B7F2E2443B12E009642B9 /* Debug */,
				C06B7F2F2443B12E009642B9 /* Release */,
			);
			defaultConfigurationIsVisible = 0;
			defaultConfigurationName = Release;
		};
		C06B7F302443B12E009642B9 /* Build configuration list for PBXNativeTarget "ProgrammerCalcTests" */ = {
			isa = XCConfigurationList;
			buildConfigurations = (
				C06B7F312443B12E009642B9 /* Debug */,
				C06B7F322443B12E009642B9 /* Release */,
			);
			defaultConfigurationIsVisible = 0;
			defaultConfigurationName = Release;
		};
		C06B7F332443B12E009642B9 /* Build configuration list for PBXNativeTarget "ProgrammerCalcUITests" */ = {
			isa = XCConfigurationList;
			buildConfigurations = (
				C06B7F342443B12E009642B9 /* Debug */,
				C06B7F352443B12E009642B9 /* Release */,
			);
			defaultConfigurationIsVisible = 0;
			defaultConfigurationName = Release;
		};
/* End XCConfigurationList section */
	};
	rootObject = C06B7EFB2443B12B009642B9 /* Project object */;
}
